
Microsoft Visual Studio Solution File, Format Version 12.00
# Visual Studio Version 17
VisualStudioVersion = 17.0.31611.283
MinimumVisualStudioVersion = 10.0.40219.1
Project("{9A19103F-16F7-4668-BE54-9A1E7A4F7556}") = "DrinkDrink", "DrinkDrink\DrinkDrink.csproj", "{C5D95DAF-EAEA-48B1-B661-86FC5405AD0A}"
EndProject
Project("{FAE04EC0-301F-11D3-BF4B-00C04F79EFBC}") = "SimpleModelPlayground", "SimpleModelPlayground\SimpleModelPlayground.csproj", "{C1845562-E443-4E66-84F7-50959749ED1E}"
EndProject
Global
	GlobalSection(SolutionConfigurationPlatforms) = preSolution
		Debug|Any CPU = Debug|Any CPU
		Release|Any CPU = Release|Any CPU
	EndGlobalSection
	GlobalSection(ProjectConfigurationPlatforms) = postSolution
		{C5D95DAF-EAEA-48B1-B661-86FC5405AD0A}.Debug|Any CPU.ActiveCfg = Debug|Any CPU
		{C5D95DAF-EAEA-48B1-B661-86FC5405AD0A}.Debug|Any CPU.Build.0 = Debug|Any CPU
		{C5D95DAF-EAEA-48B1-B661-86FC5405AD0A}.Debug|Any CPU.Deploy.0 = Debug|Any CPU
		{C5D95DAF-EAEA-48B1-B661-86FC5405AD0A}.Release|Any CPU.ActiveCfg = Release|Any CPU
		{C5D95DAF-EAEA-48B1-B661-86FC5405AD0A}.Release|Any CPU.Build.0 = Release|Any CPU
		{C5D95DAF-EAEA-48B1-B661-86FC5405AD0A}.Release|Any CPU.Deploy.0 = Release|Any CPU
		{C1845562-E443-4E66-84F7-50959749ED1E}.Debug|Any CPU.ActiveCfg = Debug|Any CPU
		{C1845562-E443-4E66-84F7-50959749ED1E}.Debug|Any CPU.Build.0 = Debug|Any CPU
		{C1845562-E443-4E66-84F7-50959749ED1E}.Release|Any CPU.ActiveCfg = Release|Any CPU
		{C1845562-E443-4E66-84F7-50959749ED1E}.Release|Any CPU.Build.0 = Release|Any CPU
	EndGlobalSection
	GlobalSection(SolutionProperties) = preSolution
		HideSolutionNode = FALSE
	EndGlobalSection
	GlobalSection(ExtensibilityGlobals) = postSolution
		SolutionGuid = {61F7FB11-1E47-470C-91E2-47F8143E1572}
	EndGlobalSection
EndGlobal
